<?xml version="1.0" encoding="utf-8"?>
<Project ToolsVersion="4.0" xmlns="http://schemas.microsoft.com/developer/msbuild/2003">
  <ItemGroup>
    <Filter Include="Source Files">
      <UniqueIdentifier>{4FC737F1-C7A5-4376-A066-2A32D752A2FF}</UniqueIdentifier>
      <Extensions>cpp;c;cc;cxx;c++;cppm;ixx;def;odl;idl;hpj;bat;asm;asmx</Extensions>
    </Filter>
    <Filter Include="Resource Files">
      <UniqueIdentifier>{67DA6AB6-F800-4c08-8B7A-83BB121AAD01}</UniqueIdentifier>
      <Extensions>rc;ico;cur;bmp;dlg;rc2;rct;bin;rgs;gif;jpg;jpeg;jpe;resx;tiff;tif;png;wav;mfcribbon-ms</Extensions>
    </Filter>
    <Filter Include="Source Files\logic_controller">
      <UniqueIdentifier>{d7966691-b19c-4a0c-9c74-15b339f61953}</UniqueIdentifier>
    </Filter>
    <Filter Include="Source Files\ui_controller">
      <UniqueIdentifier>{841bfdd1-fbd6-49e5-b05b-6c904176d033}</UniqueIdentifier>
    </Filter>
    <Filter Include="Source Files\logic_controller\selection_controller">
      <UniqueIdentifier>{75027902-0c76-4ad5-a834-e373dd85a7d1}</UniqueIdentifier>
    </Filter>
    <Filter Include="Source Files\ImGuiFileDialog">
      <UniqueIdentifier>{b8e3c2cf-8a32-4967-9295-fad75babbd22}</UniqueIdentifier>
    </Filter>
    <Filter Include="Source Files\global_functions">
      <UniqueIdentifier>{9ef35165-b486-475e-9a56-9330e33d5569}</UniqueIdentifier>
    </Filter>
    <Filter Include="Source Files\camera_controller">
      <UniqueIdentifier>{25d5e2f2-ee17-4358-850e-d0f0e20358a5}</UniqueIdentifier>
    </Filter>
    <Filter Include="Source Files\shape_3d">
      <UniqueIdentifier>{970ea885-0fb4-497b-85e5-559aca983c3d}</UniqueIdentifier>
    </Filter>
    <Filter Include="Source Files\shape_3d\bounding_box">
      <UniqueIdentifier>{70f96f12-c033-499b-a21d-6f98ffec21a7}</UniqueIdentifier>
    </Filter>
    <Filter Include="Source Files\shape_3d\shader_controller">
      <UniqueIdentifier>{b2fe8594-7202-4208-b397-71878bbc28ba}</UniqueIdentifier>
    </Filter>
  </ItemGroup>
  <ItemGroup>
    <ClCompile Include="main.cpp">
      <Filter>Source Files</Filter>
    </ClCompile>
    <ClCompile Include="logic_controller.cpp">
      <Filter>Source Files\logic_controller</Filter>
    </ClCompile>
    <ClCompile Include="ui_controller.cpp">
      <Filter>Source Files\ui_controller</Filter>
    </ClCompile>
    <ClCompile Include="shape.cpp">
      <Filter>Source Files\shape_3d</Filter>
    </ClCompile>
    <ClCompile Include="selection_controller.cpp">
      <Filter>Source Files\logic_controller\selection_controller</Filter>
    </ClCompile>
    <ClCompile Include="aabb.cpp">
      <Filter>Source Files\shape_3d\bounding_box</Filter>
    </ClCompile>
    <ClCompile Include="..\..\..\..\..\ProgrammingTools\ImGuiFileDialog\ImGuiFileDialog.cpp">
      <Filter>Source Files\ImGuiFileDialog</Filter>
    </ClCompile>
    <ClCompile Include="shader_controller.cpp">
      <Filter>Source Files\shape_3d\shader_controller</Filter>
    </ClCompile>
    <ClCompile Include="camera_controller.cpp">
      <Filter>Source Files\camera_controller</Filter>
    </ClCompile>
  </ItemGroup>
  <ItemGroup>
    <ClInclude Include="logic_controller.h">
      <Filter>Source Files\logic_controller</Filter>
    </ClInclude>
    <ClInclude Include="ui_controller.h">
      <Filter>Source Files\ui_controller</Filter>
    </ClInclude>
    <ClInclude Include="shape.h">
      <Filter>Source Files\shape_3d</Filter>
    </ClInclude>
    <ClInclude Include="selection_controller.h">
      <Filter>Source Files\logic_controller\selection_controller</Filter>
    </ClInclude>
    <ClInclude Include="aabb.h">
      <Filter>Source Files\shape_3d\bounding_box</Filter>
    </ClInclude>
    <ClInclude Include="geometry.h">
      <Filter>Source Files\shape_3d</Filter>
    </ClInclude>
    <ClInclude Include="transform.h">
      <Filter>Source Files\shape_3d</Filter>
    </ClInclude>
    <ClInclude Include="..\..\..\..\..\ProgrammingTools\ImGuiFileDialog\dirent\dirent.h">
      <Filter>Source Files\ImGuiFileDialog</Filter>
    </ClInclude>
    <ClInclude Include="..\..\..\..\..\ProgrammingTools\ImGuiFileDialog\ImGuiFileDialog.h">
      <Filter>Source Files\ImGuiFileDialog</Filter>
    </ClInclude>
    <ClInclude Include="..\..\..\..\..\ProgrammingTools\ImGuiFileDialog\ImGuiFileDialogConfig.h">
      <Filter>Source Files\ImGuiFileDialog</Filter>
    </ClInclude>
    <ClInclude Include="shader_controller.h">
      <Filter>Source Files\shape_3d\shader_controller</Filter>
    </ClInclude>
    <ClInclude Include="math_functions.h">
      <Filter>Source Files\global_functions</Filter>
    </ClInclude>
    <ClInclude Include="file_functions.h">
      <Filter>Source Files\global_functions</Filter>
    </ClInclude>
    <ClInclude Include="color_functions.h">
      <Filter>Source Files\global_functions</Filter>
    </ClInclude>
    <ClInclude Include="random_functions.h">
      <Filter>Source Files\global_functions</Filter>
    </ClInclude>
    <ClInclude Include="vector_functions.h">
      <Filter>Source Files\global_functions</Filter>
    </ClInclude>
    <ClInclude Include="camera_controller.h">
      <Filter>Source Files\camera_controller</Filter>
    </ClInclude>
    <ClInclude Include="ray.h">
      <Filter>Source Files\shape_3d</Filter>
    </ClInclude>
    <ClInclude Include="view_projection.h">
      <Filter>Source Files\shape_3d</Filter>
    </ClInclude>
  </ItemGroup>
  <ItemGroup>
    <None Include="packages.config" />
  </ItemGroup>
</Project>